// !$*UTF8*$!
{
	archiveVersion = 1;
	classes = {
	};
	objectVersion = 50;
	objects = {

/* Begin PBXBuildFile section */
		64CEBE74256505D600FFC631 /* AppDelegate.m in Sources */ = {isa = PBXBuildFile; fileRef = 64CEBE73256505D600FFC631 /* AppDelegate.m */; };
		64CEBE77256505D600FFC631 /* SceneDelegate.m in Sources */ = {isa = PBXBuildFile; fileRef = 64CEBE76256505D600FFC631 /* SceneDelegate.m */; };
		64CEBE7A256505D600FFC631 /* ViewController.m in Sources */ = {isa = PBXBuildFile; fileRef = 64CEBE79256505D600FFC631 /* ViewController.m */; };
		64CEBE7D256505D600FFC631 /* Main.storyboard in Resources */ = {isa = PBXBuildFile; fileRef = 64CEBE7B256505D600FFC631 /* Main.storyboard */; };
		64CEBE7F256505D800FFC631 /* Assets.xcassets in Resources */ = {isa = PBXBuildFile; fileRef = 64CEBE7E256505D800FFC631 /* Assets.xcassets */; };
		64CEBE82256505D800FFC631 /* LaunchScreen.storyboard in Resources */ = {isa = PBXBuildFile; fileRef = 64CEBE80256505D800FFC631 /* LaunchScreen.storyboard */; };
		64CEBE85256505D800FFC631 /* main.m in Sources */ = {isa = PBXBuildFile; fileRef = 64CEBE84256505D800FFC631 /* main.m */; };
		64CEBE8D256506E200FFC631 /* NSObject+PrintLog.m in Sources */ = {isa = PBXBuildFile; fileRef = 64CEBE8C256506E200FFC631 /* NSObject+PrintLog.m */; };
/* End PBXBuildFile section */

/* Begin PBXFileReference section */
		64CEBE6F256505D600FFC631 /* CategoryTest.app */ = {isa = PBXFileReference; explicitFileType = wrapper.application; includeInIndex = 0; path = CategoryTest.app; sourceTree = BUILT_PRODUCTS_DIR; };
		64CEBE72256505D600FFC631 /* AppDelegate.h */ = {isa = PBXFileReference; lastKnownFileType = sourcecode.c.h; path = AppDelegate.h; sourceTree = "<group>"; };
		64CEBE73256505D600FFC631 /* AppDelegate.m */ = {isa = PBXFileReference; lastKnownFileType = sourcecode.c.objc; path = AppDelegate.m; sourceTree = "<group>"; };
		64CEBE75256505D600FFC631 /* SceneDelegate.h */ = {isa = PBXFileReference; lastKnownFileType = sourcecode.c.h; path = SceneDelegate.h; sourceTree = "<group>"; };
		64CEBE76256505D600FFC631 /* SceneDelegate.m */ = {isa = PBXFileReference; lastKnownFileType = sourcecode.c.objc; path = SceneDelegate.m; sourceTree = "<group>"; };
		64CEBE78256505D600FFC631 /* ViewController.h */ = {isa = PBXFileReference; lastKnownFileType = sourcecode.c.h; path = ViewController.h; sourceTree = "<group>"; };
		64CEBE79256505D600FFC631 /* ViewController.m */ = {isa = PBXFileReference; lastKnownFileType = sourcecode.c.objc; path = ViewController.m; sourceTree = "<group>"; };
		64CEBE7C256505D600FFC631 /* Base */ = {isa = PBXFileReference; lastKnownFileType = file.storyboard; name = Base; path = Base.lproj/Main.storyboard; sourceTree = "<group>"; };
		64CEBE7E256505D800FFC631 /* Assets.xcassets */ = {isa = PBXFileReference; lastKnownFileType = folder.assetcatalog; path = Assets.xcassets; sourceTree = "<group>"; };
		64CEBE81256505D800FFC631 /* Base */ = {isa = PBXFileReference; lastKnownFileType = file.storyboard; name = Base; path = Base.lproj/LaunchScreen.storyboard; sourceTree = "<group>"; };
		64CEBE83256505D800FFC631 /* Info.plist */ = {isa = PBXFileReference; lastKnownFileType = text.plist.xml; path = Info.plist; sourceTree = "<group>"; };
		64CEBE84256505D800FFC631 /* main.m */ = {isa = PBXFileReference; lastKnownFileType = sourcecode.c.objc; path = main.m; sourceTree = "<group>"; };
		64CEBE8B256506E200FFC631 /* NSObject+PrintLog.h */ = {isa = PBXFileReference; lastKnownFileType = sourcecode.c.h; path = "NSObject+PrintLog.h"; sourceTree = "<group>"; };
		64CEBE8C256506E200FFC631 /* NSObject+PrintLog.m */ = {isa = PBXFileReference; lastKnownFileType = sourcecode.c.objc; path = "NSObject+PrintLog.m"; sourceTree = "<group>"; };
		64D252A825689EF70069C77B /* NSObject+ExtensionTest.h */ = {isa = PBXFileReference; lastKnownFileType = sourcecode.c.h; path = "NSObject+ExtensionTest.h"; sourceTree = "<group>"; };
/* End PBXFileReference section */

/* Begin PBXFrameworksBuildPhase section */
		64CEBE6C256505D600FFC631 /* Frameworks */ = {
			isa = PBXFrameworksBuildPhase;
			buildActionMask = 2147483647;
			files = (
			);
			runOnlyForDeploymentPostprocessing = 0;
		};
/* End PBXFrameworksBuildPhase section */

/* Begin PBXGroup section */
		64CEBE66256505D600FFC631 = {
			isa = PBXGroup;
			children = (
				64CEBE71256505D600FFC631 /* CategoryTest */,
				64CEBE70256505D600FFC631 /* Products */,
			);
			sourceTree = "<group>";
		};
		64CEBE70256505D600FFC631 /* Products */ = {
			isa = PBXGroup;
			children = (
				64CEBE6F256505D600FFC631 /* CategoryTest.app */,
			);
			name = Products;
			sourceTree = "<group>";
		};
		64CEBE71256505D600FFC631 /* CategoryTest */ = {
			isa = PBXGroup;
			children = (
				64CEBE72256505D600FFC631 /* AppDelegate.h */,
				64CEBE73256505D600FFC631 /* AppDelegate.m */,
				64CEBE75256505D600FFC631 /* SceneDelegate.h */,
				64CEBE76256505D600FFC631 /* SceneDelegate.m */,
				64CEBE78256505D600FFC631 /* ViewController.h */,
				64CEBE79256505D600FFC631 /* ViewController.m */,
				64CEBE7B256505D600FFC631 /* Main.storyboard */,
				64CEBE7E256505D800FFC631 /* Assets.xcassets */,
				64CEBE80256505D800FFC631 /* LaunchScreen.storyboard */,
				64CEBE83256505D800FFC631 /* Info.plist */,
				64CEBE84256505D800FFC631 /* main.m */,
				64CEBE8B256506E200FFC631 /* NSObject+PrintLog.h */,
				64CEBE8C256506E200FFC631 /* NSObject+PrintLog.m */,
				64D252A825689EF70069C77B /* NSObject+ExtensionTest.h */,
			);
			path = CategoryTest;
			sourceTree = "<group>";
		};
/* End PBXGroup section */

/* Begin PBXNativeTarget section */
		64CEBE6E256505D600FFC631 /* CategoryTest */ = {
			isa = PBXNativeTarget;
			buildConfigurationList = 64CEBE88256505D800FFC631 /* Build configuration list for PBXNativeTarget "CategoryTest" */;
			buildPhases = (
				64CEBE6B256505D600FFC631 /* Sources */,
				64CEBE6C256505D600FFC631 /* Frameworks */,
				64CEBE6D256505D600FFC631 /* Resources */,
			);
			buildRules = (
			);
			dependencies = (
			);
			name = CategoryTest;
			productName = CategoryTest;
			productReference = 64CEBE6F256505D600FFC631 /* CategoryTest.app */;
			productType = "com.apple.product-type.application";
		};
/* End PBXNativeTarget section */

/* Begin PBXProject section */
		64CEBE67256505D600FFC631 /* Project object */ = {
			isa = PBXProject;
			attributes = {
				LastUpgradeCheck = 1140;
				ORGANIZATIONNAME = PersonalONBYL;
				TargetAttributes = {
					64CEBE6E256505D600FFC631 = {
						CreatedOnToolsVersion = 11.4;
					};
				};
			};
			buildConfigurationList = 64CEBE6A256505D600FFC631 /* Build configuration list for PBXProject "CategoryTest" */;
			compatibilityVersion = "Xcode 9.3";
			developmentRegion = en;
			hasScannedForEncodings = 0;
			knownRegions = (
				en,
				Base,
			);
			mainGroup = 64CEBE66256505D600FFC631;
			productRefGroup = 64CEBE70256505D600FFC631 /* Products */;
			projectDirPath = "";
			projectRoot = "";
			targets = (
				64CEBE6E256505D600FFC631 /* CategoryTest */,
			);
		};
/* End PBXProject section */

/* Begin PBXResourcesBuildPhase section */
		64CEBE6D256505D600FFC631 /* Resources */ = {
			isa = PBXResourcesBuildPhase;
			buildActionMask = 2147483647;
			files = (
				64CEBE82256505D800FFC631 /* LaunchScreen.storyboard in Resources */,
				64CEBE7F256505D800FFC631 /* Assets.xcassets in Resources */,
				64CEBE7D256505D600FFC631 /* Main.storyboard in Resources */,
			);
			runOnlyForDeploymentPostprocessing = 0;
		};
/* End PBXResourcesBuildPhase section */

/* Begin PBXSourcesBuildPhase section */
		64CEBE6B256505D600FFC631 /* Sources */ = {
			isa = PBXSourcesBuildPhase;
			buildActionMask = 2147483647;
			files = (
				64CEBE7A256505D600FFC631 /* ViewController.m in Sources */,
				64CEBE74256505D600FFC631 /* AppDelegate.m in Sources */,
				64CEBE8D256506E200FFC631 /* NSObject+PrintLog.m in Sources */,
				64CEBE85256505D800FFC631 /* main.m in Sources */,
				64CEBE77256505D600FFC631 /* SceneDelegate.m in Sources */,
			);
			runOnlyForDeploymentPostprocessing = 0;
		};
/* End PBXSourcesBuildPhase section */

/* Begin PBXVariantGroup section */
		64CEBE7B256505D600FFC631 /* Main.storyboard */ = {
			isa = PBXVariantGroup;
			children = (
				64CEBE7C256505D600FFC631 /* Base */,
			);
			name = Main.storyboard;
			sourceTree = "<group>";
		};
		64CEBE80256505D800FFC631 /* LaunchScreen.storyboard */ = {
			isa = PBXVariantGroup;
			children = (
				64CEBE81256505D800FFC631 /* Base */,
			);
			name = LaunchScreen.storyboard;
			sourceTree = "<group>";
		};
/* End PBXVariantGroup section */

/* Begin XCBuildConfiguration section */
		64CEBE86256505D800FFC631 /* Debug */ = {
			isa = XCBuildConfiguration;
			buildSettings = {
				ALWAYS_SEARCH_USER_PATHS = NO;
				CLANG_ANALYZER_NONNULL = YES;
				CLANG_ANALYZER_NUMBER_OBJECT_CONVERSION = YES_AGGRESSIVE;
				CLANG_CXX_LANGUAGE_STANDARD = "gnu++14";
				CLANG_CXX_LIBRARY = "libc++";
				CLANG_ENABLE_MODULES = YES;
				CLANG_ENABLE_OBJC_ARC = YES;
				CLANG_ENABLE_OBJC_WEAK = YES;
				CLANG_WARN_BLOCK_CAPTURE_AUTORELEASING = YES;
				CLANG_WARN_BOOL_CONVERSION = YES;
				CLANG_WARN_COMMA = YES;
				CLANG_WARN_CONSTANT_CONVERSION = YES;
				CLANG_WARN_DEPRECATED_OBJC_IMPLEMENTATIONS = YES;
				CLANG_WARN_DIRECT_OBJC_ISA_USAGE = YES_ERROR;
				CLANG_WARN_DOCUMENTATION_COMMENTS = YES;
				CLANG_WARN_EMPTY_BODY = YES;
				CLANG_WARN_ENUM_CONVERSION = YES;
				CLANG_WARN_INFINITE_RECURSION = YES;
				CLANG_WARN_INT_CONVERSION = YES;
				CLANG_WARN_NON_LITERAL_NULL_CONVERSION = YES;
				CLANG_WARN_OBJC_IMPLICIT_RETAIN_SELF = YES;
				CLANG_WARN_OBJC_LITERAL_CONVERSION = YES;
				CLANG_WARN_OBJC_ROOT_CLASS = YES_ERROR;
				CLANG_WARN_RANGE_LOOP_ANALYSIS = YES;
				CLANG_WARN_STRICT_PROTOTYPES = YES;
				CLANG_WARN_SUSPICIOUS_MOVE = YES;
				CLANG_WARN_UNGUARDED_AVAILABILITY = YES_AGGRESSIVE;
				CLANG_WARN_UNREACHABLE_CODE = YES;
				CLANG_WARN__DUPLICATE_METHOD_MATCH = YES;
				COPY_PHASE_STRIP = NO;
				DEBUG_INFORMATION_FORMAT = dwarf;
				ENABLE_STRICT_OBJC_MSGSEND = YES;
				ENABLE_TESTABILITY = YES;
				GCC_C_LANGUAGE_STANDARD = gnu11;
				GCC_DYNAMIC_NO_PIC = NO;
				GCC_NO_COMMON_BLOCKS = YES;
				GCC_OPTIMIZATION_LEVEL = 0;
				GCC_PREPROCESSOR_DEFINITIONS = (
					"DEBUG=1",
					"$(inherited)",
				);
				GCC_WARN_64_TO_32_BIT_CONVERSION = YES;
				GCC_WARN_ABOUT_RETURN_TYPE = YES_ERROR;
				GCC_WARN_UNDECLARED_SELECTOR = YES;
				GCC_WARN_UNINITIALIZED_AUTOS = YES_AGGRESSIVE;
				GCC_WARN_UNUSED_FUNCTION = YES;
				GCC_WARN_UNUSED_VARIABLE = YES;
				IPHONEOS_DEPLOYMENT_TARGET = 13.4;
				MTL_ENABLE_DEBUG_INFO = INCLUDE_SOURCE;
				MTL_FAST_MATH = YES;
				ONLY_ACTIVE_ARCH = YES;
				SDKROOT = iphoneos;
			};
			name = Debug;
		};
		64CEBE87256505D800FFC631 /* Release */ = {
			isa = XCBuildConfiguration;
			buildSettings = {
				ALWAYS_SEARCH_USER_PATHS = NO;
				CLANG_ANALYZER_NONNULL = YES;
				CLANG_ANALYZER_NUMBER_OBJECT_CONVERSION = YES_AGGRESSIVE;
				CLANG_CXX_LANGUAGE_STANDARD = "gnu++14";
				CLANG_CXX_LIBRARY = "libc++";
				CLANG_ENABLE_MODULES = YES;
				CLANG_ENABLE_OBJC_ARC = YES;
				CLANG_ENABLE_OBJC_WEAK = YES;
				CLANG_WARN_BLOCK_CAPTURE_AUTORELEASING = YES;
				CLANG_WARN_BOOL_CONVERSION = YES;
				CLANG_WARN_COMMA = YES;
				CLANG_WARN_CONSTANT_CONVERSION = YES;
				CLANG_WARN_DEPRECATED_OBJC_IMPLEMENTATIONS = YES;
				CLANG_WARN_DIRECT_OBJC_ISA_USAGE = YES_ERROR;
				CLANG_WARN_DOCUMENTATION_COMMENTS = YES;
				CLANG_WARN_EMPTY_BODY = YES;
				CLANG_WARN_ENUM_CONVERSION = YES;
				CLANG_WARN_INFINITE_RECURSION = YES;
				CLANG_WARN_INT_CONVERSION = YES;
				CLANG_WARN_NON_LITERAL_NULL_CONVERSION = YES;
				CLANG_WARN_OBJC_IMPLICIT_RETAIN_SELF = YES;
				CLANG_WARN_OBJC_LITERAL_CONVERSION = YES;
				CLANG_WARN_OBJC_ROOT_CLASS = YES_ERROR;
				CLANG_WARN_RANGE_LOOP_ANALYSIS = YES;
				CLANG_WARN_STRICT_PROTOTYPES = YES;
				CLANG_WARN_SUSPICIOUS_MOVE = YES;
				CLANG_WARN_UNGUARDED_AVAILABILITY = YES_AGGRESSIVE;
				CLANG_WARN_UNREACHABLE_CODE = YES;
				CLANG_WARN__DUPLICATE_METHOD_MATCH = YES;
				COPY_PHASE_STRIP = NO;
				DEBUG_INFORMATION_FORMAT = "dwarf-with-dsym";
				ENABLE_NS_ASSERTIONS = NO;
				ENABLE_STRICT_OBJC_MSGSEND = YES;
				GCC_C_LANGUAGE_STANDARD = gnu11;
				GCC_NO_COMMON_BLOCKS = YES;
				GCC_WARN_64_TO_32_BIT_CONVERSION = YES;
				GCC_WARN_ABOUT_RETURN_TYPE = YES_ERROR;
				GCC_WARN_UNDECLARED_SELECTOR = YES;
				GCC_WARN_UNINITIALIZED_AUTOS = YES_AGGRESSIVE;
				GCC_WARN_UNUSED_FUNCTION = YES;
				GCC_WARN_UNUSED_VARIABLE = YES;
				IPHONEOS_DEPLOYMENT_TARGET = 13.4;
				MTL_ENABLE_DEBUG_INFO = NO;
				MTL_FAST_MATH = YES;
				SDKROOT = iphoneos;
				VALIDATE_PRODUCT = YES;
			};
			name = Release;
		};
		64CEBE89256505D800FFC631 /* Debug */ = {
			isa = XCBuildConfiguration;
			buildSettings = {
				ASSETCATALOG_COMPILER_APPICON_NAME = AppIcon;
				CODE_SIGN_STYLE = Automatic;
				INFOPLIST_FILE = CategoryTest/Info.plist;
				LD_RUNPATH_SEARCH_PATHS = (
					"$(inherited)",
					"@executable_path/Frameworks",
				);
				PRODUCT_BUNDLE_IDENTIFIER = com.PersonalONBYL.CategoryTest;
				PRODUCT_NAME = "$(TARGET_NAME)";
				TARGETED_DEVICE_FAMILY = "1,2";
			};
			name = Debug;
		};
		64CEBE8A256505D800FFC631 /* Release */ = {
			isa = XCBuildConfiguration;
			buildSettings = {
				ASSETCATALOG_COMPILER_APPICON_NAME = AppIcon;
				CODE_SIGN_STYLE = Automatic;
				INFOPLIST_FILE = CategoryTest/Info.plist;
				LD_RUNPATH_SEARCH_PATHS = (
					"$(inherited)",
					"@executable_path/Frameworks",
				);
				PRODUCT_BUNDLE_IDENTIFIER = com.PersonalONBYL.CategoryTest;
				PRODUCT_NAME = "$(TARGET_NAME)";
				TARGETED_DEVICE_FAMILY = "1,2";
			};
			name = Release;
		};
/* End XCBuildConfiguration section */

/* Begin XCConfigurationList section */
		64CEBE6A256505D600FFC631 /* Build configuration list for PBXProject "CategoryTest" */ = {
			isa = XCConfigurationList;
			buildConfigurations = (
				64CEBE86256505D800FFC631 /* Debug */,
				64CEBE87256505D800FFC631 /* Release */,
			);
			defaultConfigurationIsVisible = 0;
			defaultConfigurationName = Release;
		};
		64CEBE88256505D800FFC631 /* Build configuration list for PBXNativeTarget "CategoryTest" */ = {
			isa = XCConfigurationList;
			buildConfigurations = (
				64CEBE89256505D800FFC631 /* Debug */,
				64CEBE8A256505D800FFC631 /* Release */,
			);
			defaultConfigurationIsVisible = 0;
			defaultConfigurationName = Release;
		};
/* End XCConfigurationList section */
	};
	rootObject = 64CEBE67256505D600FFC631 /* Project object */;
}
